{
  "name": "transfer.web",
  "version": "1.0.0",
  "lockfileVersion": 2,
  "requires": true,
  "packages": {
    "": {
      "name": "transfer.web",
      "version": "1.0.0",
      "dependencies": {
        "@types/bootstrap": "5.1.13",
        "@types/bootstrap-fileinput": "5.0.3",
        "@types/jquery": "^3.5.11",
        "@types/jquery-mask-plugin": "1.14.4",
        "@types/select2": "4.0.55"
      },
      "devDependencies": {}
    },
    "node_modules/@popperjs/core": {
      "version": "2.11.6",
      "resolved": "https://registry.npmjs.org/@popperjs/core/-/core-2.11.6.tgz",
      "integrity": "sha512-50/17A98tWUfQ176raKiOGXuYpLyyVMkxxG6oylzL3BPOlA6ADGdK7EYunSa4I064xerltq9TGXs8HmOk5E+vw==",
      "funding": {
        "type": "opencollective",
        "url": "https://opencollective.com/popperjs"
      }
    },
    "node_modules/@types/bootstrap": {
      "version": "5.1.13",
      "resolved": "https://registry.npmjs.org/@types/bootstrap/-/bootstrap-5.1.13.tgz",
      "integrity": "sha512-1hIIOgfkMlyQCQz/3ae53xr6ZN2d6EDj/n3G+Sh/LBsBUVigyDmnCbLwsaXJJ1GBGlkjgfXVoyIvEPowQw25xQ==",
      "dependencies": {
        "@popperjs/core": "^2.9.2"
      }
    },
    "node_modules/@types/bootstrap-fileinput": {
      "version": "5.0.3",
      "resolved": "https://registry.npmjs.org/@types/bootstrap-fileinput/-/bootstrap-fileinput-5.0.3.tgz",
      "integrity": "sha512-z6uaBC2VK+wpbmeA1Pgdr4rGK/cVziHYsGPMaAWozKBjAxisGa/4Cv4ozCmQ8/UH10nQK6jicRwTxWlv9rYWJw==",
      "dependencies": {
        "@types/jquery": "*"
      }
    },
    "node_modules/@types/jquery": {
      "version": "3.5.11",
      "resolved": "https://registry.npmjs.org/@types/jquery/-/jquery-3.5.11.tgz",
      "integrity": "sha512-lYZGdfOtUa0XFjIATQgiogqeTY5PNNMOmp3Jq48ghmJALL8t/IqABRqlEwdHfuUdA8iIE1uGD1HoI4a7Tiy6OA==",
      "dependencies": {
        "@types/sizzle": "*"
      }
    },
    "node_modules/@types/jquery-mask-plugin": {
      "version": "1.14.4",
      "resolved": "https://registry.npmjs.org/@types/jquery-mask-plugin/-/jquery-mask-plugin-1.14.4.tgz",
      "integrity": "sha512-8la3UoP0/hclp+Gknxx+Tx8H+puBLj+Ybp7swLFTLk7rnItC5biPzikT15MroQbPdrBqWdfpNPdHQdfcdyPnNg==",
      "dependencies": {
        "@types/jquery": "*"
      }
    },
    "node_modules/@types/select2": {
      "version": "4.0.55",
      "resolved": "https://registry.npmjs.org/@types/select2/-/select2-4.0.55.tgz",
      "integrity": "sha512-lqngYTv7W1e8HiLSEq7cJhnnKqV3vuwCBkfka6ZXBoM0Z8aVoZrR9gxjbwRzcqBBw4EpAvVXZGPuaDOM+apeZw==",
      "dependencies": {
        "@types/jquery": "*"
      }
    },
    "node_modules/@types/sizzle": {
      "version": "2.3.3",
      "resolved": "https://registry.npmjs.org/@types/sizzle/-/sizzle-2.3.3.tgz",
      "integrity": "sha512-JYM8x9EGF163bEyhdJBpR2QX1R5naCJHC8ucJylJ3w9/CVBaskdQ8WqBf8MmQrd1kRvp/a4TS8HJ+bxzR7ZJYQ=="
    }
  },
  "dependencies": {
    "@popperjs/core": {
      "version": "2.11.6",
      "resolved": "https://registry.npmjs.org/@popperjs/core/-/core-2.11.6.tgz",
      "integrity": "sha512-50/17A98tWUfQ176raKiOGXuYpLyyVMkxxG6oylzL3BPOlA6ADGdK7EYunSa4I064xerltq9TGXs8HmOk5E+vw=="
    },
    "@types/bootstrap": {
      "version": "5.1.13",
      "resolved": "https://registry.npmjs.org/@types/bootstrap/-/bootstrap-5.1.13.tgz",
      "integrity": "sha512-1hIIOgfkMlyQCQz/3ae53xr6ZN2d6EDj/n3G+Sh/LBsBUVigyDmnCbLwsaXJJ1GBGlkjgfXVoyIvEPowQw25xQ==",
      "requires": {
        "@popperjs/core": "^2.9.2"
      }
    },
    "@types/bootstrap-fileinput": {
      "version": "5.0.3",
      "resolved": "https://registry.npmjs.org/@types/bootstrap-fileinput/-/bootstrap-fileinput-5.0.3.tgz",
      "integrity": "sha512-z6uaBC2VK+wpbmeA1Pgdr4rGK/cVziHYsGPMaAWozKBjAxisGa/4Cv4ozCmQ8/UH10nQK6jicRwTxWlv9rYWJw==",
      "requires": {
        "@types/jquery": "*"
      }
    },
    "@types/jquery": {
      "version": "3.5.11",
      "resolved": "https://registry.npmjs.org/@types/jquery/-/jquery-3.5.11.tgz",
      "integrity": "sha512-lYZGdfOtUa0XFjIATQgiogqeTY5PNNMOmp3Jq48ghmJALL8t/IqABRqlEwdHfuUdA8iIE1uGD1HoI4a7Tiy6OA==",
      "requires": {
        "@types/sizzle": "*"
      }
    },
    "@types/jquery-mask-plugin": {
      "version": "1.14.4",
      "resolved": "https://registry.npmjs.org/@types/jquery-mask-plugin/-/jquery-mask-plugin-1.14.4.tgz",
      "integrity": "sha512-8la3UoP0/hclp+Gknxx+Tx8H+puBLj+Ybp7swLFTLk7rnItC5biPzikT15MroQbPdrBqWdfpNPdHQdfcdyPnNg==",
      "requires": {
        "@types/jquery": "*"
      }
    },
    "@types/select2": {
      "version": "4.0.55",
      "resolved": "https://registry.npmjs.org/@types/select2/-/select2-4.0.55.tgz",
      "integrity": "sha512-lqngYTv7W1e8HiLSEq7cJhnnKqV3vuwCBkfka6ZXBoM0Z8aVoZrR9gxjbwRzcqBBw4EpAvVXZGPuaDOM+apeZw==",
      "requires": {
        "@types/jquery": "*"
      }
    },
    "@types/sizzle": {
      "version": "2.3.3",
      "resolved": "https://registry.npmjs.org/@types/sizzle/-/sizzle-2.3.3.tgz",
      "integrity": "sha512-JYM8x9EGF163bEyhdJBpR2QX1R5naCJHC8ucJylJ3w9/CVBaskdQ8WqBf8MmQrd1kRvp/a4TS8HJ+bxzR7ZJYQ=="
    }
  }
}
